#MicroXplorer Configuration settings - do not modify
SH.FMC_D7_DA7.0=FMC_D7,sd-16b-d1
PCC.Series=STM32F7
SH.FMC_D0_DA0.ConfNb=1
PH0-OSC_IN.Signal=RCC_OSC_IN
VP_SYS_VS_tim6.Mode=TIM6
USART2.IPParameters=VirtualMode-Asynchronous
SH.FMC_A8.ConfNb=1
SH.FMC_A4.ConfNb=1
SH.FMC_A0.ConfNb=1
SH.FMC_D6_DA6.ConfNb=1
SH.FMC_D9_DA9.ConfNb=1
SH.FMC_A0.0=FMC_A0,12b-sda1
SPI1.VirtualType=VM_MASTER
SPI2.VirtualType=VM_MASTER
PB10.Mode=Simplex_Bidirectional_Master
NVIC.TIM6_DAC_IRQn=true\:0\:0\:false\:false\:true\:false\:true
PG4.Signal=FMC_A14_BA0
PG8.Signal=FMC_SDCLK
RCC.PLLCLKFreq_Value=96000000
PC12.Signal=SDMMC1_CK
RCC.PLLQCLKFreq_Value=48000000
PG0.Signal=FMC_A10
VP_RTC_VS_RTC_Activate.Mode=RTC_Enabled
RCC.RTCFreq_Value=32768
PA6.GPIO_Label=VBUS_FAULT
SH.FMC_SDNWE.ConfNb=1
USART1.IPParameters=VirtualMode-Asynchronous
SH.FMC_D5_DA5.0=FMC_D5,sd-16b-d1
PinOutPanel.RotationAngle=0
RCC.SYSCLKSource=RCC_SYSCLKSOURCE_HSE
SH.FMC_A15_BA1.0=FMC_BA1,FourSdramBanks1
SH.FMC_D9_DA9.0=FMC_D9,sd-16b-d1
NVIC.SVCall_IRQn=true\:0\:0\:false\:false\:true\:false\:false
PCC.PartNumber=STM32F722ZETx
SH.FMC_SDNWE.0=FMC_SDNWE,12b-sda1
SPI1.Direction=SPI_DIRECTION_1LINE
SH.FMC_D11_DA11.0=FMC_D11,sd-16b-d1
UART4.Mode=MODE_TX
PB6.Signal=USART1_TX
SH.FMC_D10_DA10.ConfNb=1
PB6.Mode=Asynchronous
SPI1.CalculateBaudRate=8.0 MBits/s
PC3.Signal=FMC_SDCKE0
PD0.Signal=FMC_D2_DA2
RCC.SAI2Freq_Value=192000000
PD8.Signal=FMC_D13_DA13
ProjectManager.ProjectBuild=false
NVIC.UsageFault_IRQn=true\:0\:0\:false\:false\:true\:false\:false
PB3.Mode=JTAG_5_pins
PA4.Locked=true
PCC.Seq0.Step0.Voltage_Source=Battery
RCC.RTCClockSelection=RCC_RTCCLKSOURCE_LSE
ProjectManager.FirmwarePackage=STM32Cube FW_F7 V1.16.0
VP_ADC1_Vref_Input.Mode=IN-Vrefint
MxDb.Version=DB.5.0.60
ProjectManager.BackupPrevious=false
PE9.Signal=FMC_D6_DA6
SH.FMC_A2.0=FMC_A2,12b-sda1
SH.FMC_D15_DA15.ConfNb=1
PC9.Mode=SD_4_bits_Wide_bus
SPI2.CalculateBaudRate=8.0 MBits/s
SH.FMC_D1_DA1.0=FMC_D1,sd-16b-d1
NVIC.PendSV_IRQn=true\:0\:0\:false\:false\:true\:false\:false
PF3.Signal=FMC_A3
PE10.Signal=FMC_D7_DA7
ProjectManager.HalAssertFull=false
ADC1.SamplingTime-0\#ChannelRegularConversion=ADC_SAMPLETIME_3CYCLES
Mcu.Package=LQFP144
NVIC.TimeBase=TIM6_DAC_IRQn
SPI2.Mode=SPI_MODE_MASTER
SH.FMC_SDNCAS.ConfNb=1
SH.FMC_A11.ConfNb=1
NVIC.TimeBaseIP=TIM6
PA10.Signal=USB_OTG_FS_ID
VP_RTC_VS_RTC_Calendar.Mode=RTC_Calendar
PC11.Mode=SD_4_bits_Wide_bus
SH.FMC_A1.0=FMC_A1,12b-sda1
SH.FMC_SDCLK.0=FMC_SDCLK,12b-sda1
PF14.Signal=FMC_A8
NVIC.BusFault_IRQn=true\:0\:0\:false\:false\:true\:false\:false
FMC.ColumnBitsNumber1=FMC_SDRAM_COLUMN_BITS_NUM_9
PA4.GPIO_Label=OTG_EN
PD15.Signal=FMC_D1_DA1
SH.FMC_D3_DA3.0=FMC_D3,sd-16b-d1
ProjectManager.CustomerFirmwarePackage=
RCC.PLLSAIQCLKFreq_Value=192000000
SH.FMC_D3_DA3.ConfNb=1
PA5.Mode=Simplex_Bidirectional_Master
PA6.GPIOParameters=GPIO_Label
PCC.Seq0.Step0.Category=Interpolation
SH.FMC_A4.0=FMC_A4,12b-sda1
SH.FMC_A7.ConfNb=1
RCC.PLLQoutputFreq_Value=48000000
ProjectManager.ProjectFileName=ChiptunePlayer-2.22-MainBoard.ioc
SH.FMC_A1.ConfNb=1
SH.FMC_A5.ConfNb=1
ADC1.Rank-0\#ChannelRegularConversion=1
Mcu.PinsNb=77
Mcu.Pin73=VP_RTC_VS_RTC_Calendar
Mcu.Pin74=VP_SYS_VS_tim6
Mcu.Pin71=VP_CRC_VS_CRC
Mcu.Pin72=VP_RTC_VS_RTC_Activate
ADC1.IPParameters=Rank-0\#ChannelRegularConversion,master,Channel-0\#ChannelRegularConversion,SamplingTime-0\#ChannelRegularConversion,NbrOfConversionFlag
PG5.Signal=FMC_A15_BA1
Mcu.Pin75=VP_TIM7_VS_ClockSourceINT
SH.FMC_D10_DA10.0=FMC_D10,sd-16b-d1
Mcu.Pin76=VP_WWDG_VS_WWDG
Mcu.Pin70=VP_ADC1_Vbat_Input
PC2.Signal=FMC_SDNE0
PD1.Signal=FMC_D3_DA3
Mcu.Pin68=PB7
PCC.Line=STM32F7x2
Mcu.Pin69=VP_ADC1_Vref_Input
PC0.Signal=FMC_SDNWE
PC14-OSC32_IN.Signal=RCC_OSC32_IN
PD6.Mode=Asynchronous
Mcu.Pin62=PD5
Mcu.Pin63=PD6
Mcu.Pin60=PD1
Mcu.Pin61=PD2
Mcu.Pin66=PB4
Mcu.Pin67=PB6
Mcu.Pin64=PG15
CRC.IPParameters=InputDataFormat
Mcu.Pin65=PB3
PA0-WKUP.Signal=UART4_TX
PD10.Signal=FMC_D15_DA15
PA0-WKUP.Mode=Asynchronous
SH.FMC_A3.0=FMC_A3,12b-sda1
PCC.MCU=STM32F722Z(C-E)Tx
Mcu.Pin59=PD0
Mcu.Pin57=PC11
Mcu.Pin58=PC12
Mcu.Pin51=PA11
SH.FMC_D15_DA15.0=FMC_D15,sd-16b-d1
Mcu.Pin52=PA12
Mcu.Pin50=PA10
VP_CRC_VS_CRC.Signal=CRC_VS_CRC
Mcu.Pin55=PA15
Mcu.Pin56=PC10
Mcu.Pin53=PA13
Mcu.Pin54=PA14
PA9.Signal=USB_OTG_FS_VBUS
Mcu.Pin48=PC9
Mcu.Pin49=PA9
Mcu.Pin46=PG8
Mcu.Pin47=PC8
PB10.Signal=SPI2_SCK
PA5.Signal=SPI1_SCK
Mcu.Pin40=PD9
Mcu.Pin41=PD10
Mcu.Pin44=PG4
PC12.Mode=SD_4_bits_Wide_bus
Mcu.Pin45=PG5
Mcu.Pin42=PD14
Mcu.Pin43=PD15
ProjectManager.LastFirmware=true
SH.FMC_A6.0=FMC_A6,12b-sda1
VP_SYS_VS_tim6.Signal=SYS_VS_tim6
PA1.Mode=Asynchronous
PE14.Signal=FMC_D11_DA11
PE15.Signal=FMC_D12_DA12
PCC.Seq0.Step0.Vcore=Scale1-High
Mcu.Pin37=PE15
Mcu.Pin38=PB10
Mcu.Pin35=PE13
PE8.Signal=FMC_D5_DA5
Mcu.Pin36=PE14
SPI1.Mode=SPI_MODE_MASTER
SH.FMC_D14_DA14.ConfNb=1
Mcu.Pin39=PD8
RCC.RNGFreq_Value=48000000
Mcu.Pin30=PE8
Mcu.Pin33=PE11
Mcu.Pin34=PE12
Mcu.Pin31=PE9
Mcu.Pin32=PE10
NVIC.NonMaskableInt_IRQn=true\:0\:0\:false\:false\:true\:false\:false
PF13.Signal=FMC_A7
PA13.Mode=JTAG_5_pins
SH.FMC_SDNCAS.0=FMC_SDNCAS,12b-sda1
ProjectManager.FreePins=false
RCC.PLLI2SQCLKFreq_Value=192000000
Mcu.Pin26=PF15
Mcu.Pin27=PG0
Mcu.Pin24=PF13
ProjectManager.UnderRoot=false
Mcu.Pin25=PF14
Mcu.Pin28=PG1
PC8.Mode=SD_4_bits_Wide_bus
Mcu.Pin29=PE7
SH.FMC_D7_DA7.ConfNb=1
PA4.Signal=GPIO_Output
Mcu.Pin22=PF11
Mcu.Pin23=PF12
Mcu.Pin20=PA6
ADC1.master=1
Mcu.Pin21=PA7
NVIC.ForceEnableDMAVector=true
NVIC.MemoryManagement_IRQn=true\:0\:0\:false\:false\:true\:false\:false
SH.FMC_A10.ConfNb=1
ProjectManager.CompilerOptimize=6
SH.FMC_A5.0=FMC_A5,12b-sda1
PA11.Signal=USB_OTG_FS_DM
SH.FMC_SDNRAS.ConfNb=1
ProjectManager.HeapSize=0x200
Mcu.Pin15=PA1
NVIC.HardFault_IRQn=true\:0\:0\:false\:false\:true\:false\:false
Mcu.Pin16=PA2
Mcu.Pin13=PC3
Mcu.Pin14=PA0-WKUP
Mcu.Pin19=PA5
ProjectManager.ComputerToolchain=false
Mcu.Pin17=PA3
Mcu.Pin18=PA4
NVIC.PriorityGroup=NVIC_PRIORITYGROUP_4
Mcu.Pin11=PC1
Mcu.Pin12=PC2
Mcu.Pin10=PC0
PF4.Signal=FMC_A4
SH.FMC_D12_DA12.ConfNb=1
PD2.Signal=SDMMC1_CMD
PCC.Seq0=1
RCC.SDMMC2Freq_Value=16000000
PC1.Signal=SPI2_MOSI
PC1.Mode=Simplex_Bidirectional_Master
Mcu.Family=STM32F7
FMC.IPParameters=ColumnBitsNumber1
PC3.Mode=SdramChipSelect1_1
ProjectManager.MainLocation=Src
SH.FMC_A6.ConfNb=1
RCC.SAI1Freq_Value=192000000
SH.FMC_A8.0=FMC_A8,12b-sda1
SH.FMC_A2.ConfNb=1
ProjectManager.KeepUserCode=true
Mcu.UserName=STM32F722ZETx
SH.FMC_D14_DA14.0=FMC_D14,sd-16b-d1
PCC.Seq0.Step0.CPU_Frequency=180000000 Hz
PCC.Seq0.Step0.User's_Consumption=0 mA
SH.ADCx_IN2.0=ADC1_IN2,IN2
PC10.Signal=SDMMC1_D2
ProjectManager.functionlistsort=1-SystemClock_Config-RCC-false-HAL-false,0-MX_CORTEX_M7_Init-CORTEX_M7-false-HAL-true
CRC.InputDataFormat=CRC_INPUTDATA_FORMAT_WORDS
SH.FMC_D6_DA6.0=FMC_D6,sd-16b-d1
PA11.Mode=OTG/Dual_Role_Device
RCC.PLLI2SRCLKFreq_Value=192000000
SH.FMC_A14_BA0.0=FMC_BA0,FourSdramBanks1
VP_RTC_VS_RTC_Calendar.Signal=RTC_VS_RTC_Calendar
SH.FMC_A11.0=FMC_A11,12b-sda1
PG15.Signal=FMC_SDNCAS
ProjectManager.StackSize=0x400
VP_TIM7_VS_ClockSourceINT.Mode=Enable_Timer
Mcu.IP4=NVIC
Mcu.IP5=RCC
Mcu.IP2=CRC
Mcu.IP3=FMC
Mcu.IP0=ADC1
SH.FMC_A7.0=FMC_A7,12b-sda1
Mcu.IP1=CORTEX_M7
PA12.Signal=USB_OTG_FS_DP
Mcu.UserConstants=
RCC.SDMMCFreq_Value=16000000
Mcu.ThirdPartyNb=0
SH.ADCx_IN3.0=ADC1_IN3,IN3
Mcu.IPNb=17
RCC.PLLI2SRoutputFreq_Value=192000000
ProjectManager.PreviousToolchain=
PF12.Signal=FMC_A6
SH.ADCx_IN3.ConfNb=1
Mcu.Pin6=PF4
Mcu.Pin7=PF5
Mcu.Pin8=PH0-OSC_IN
Mcu.Pin9=PH1-OSC_OUT
RCC.VCOSAIOutputFreq_Value=384000000
SH.FMC_A10.0=FMC_A10,12b-sda1
PH0-OSC_IN.Mode=HSE-External-Oscillator
Mcu.Pin0=PC14-OSC32_IN
Mcu.Pin1=PC15-OSC32_OUT
PD5.Mode=Asynchronous
GPIO.groupedBy=
Mcu.Pin2=PF0
Mcu.Pin3=PF1
Mcu.Pin4=PF2
Mcu.Pin5=PF3
ADC1.Channel-0\#ChannelRegularConversion=ADC_CHANNEL_2
RCC.HSE_VALUE=16000000
NVIC.DebugMonitor_IRQn=true\:0\:0\:false\:false\:true\:false\:false
SH.FMC_A14_BA0.ConfNb=1
SH.FMC_D8_DA8.0=FMC_D8,sd-16b-d1
Mcu.IP10=SYS
USART2.VirtualMode-Asynchronous=VM_ASYNC
PCC.Seq0.Step0.DMIPS=385.20004
NVIC.SysTick_IRQn=true\:0\:0\:false\:false\:true\:false\:true
PA15.Mode=JTAG_5_pins
Mcu.IP12=UART4
Mcu.IP11=TIM7
SH.FMC_D2_DA2.0=FMC_D2,sd-16b-d1
VP_TIM7_VS_ClockSourceINT.Signal=TIM7_VS_ClockSourceINT
Mcu.IP14=USART2
PB4.Mode=JTAG_5_pins
Mcu.IP13=USART1
Mcu.IP16=WWDG
PE13.Signal=FMC_D10_DA10
Mcu.IP15=USB_OTG_FS
PC14-OSC32_IN.Mode=LSE-External-Oscillator
RCC.VCOInputFreq_Value=2000000
PA14.Mode=JTAG_5_pins
PF11.Signal=FMC_SDNRAS
File.Version=6
SH.FMC_D5_DA5.ConfNb=1
SH.FMC_D2_DA2.ConfNb=1
PB7.Signal=USART1_RX
SH.FMC_SDNRAS.0=FMC_SDNRAS,12b-sda1
VP_ADC1_Vbat_Input.Signal=ADC1_Vbat_Input
ProjectManager.ProjectName=ChiptunePlayer-2.22-MainBoard
PH1-OSC_OUT.Mode=HSE-External-Oscillator
PCC.Seq0.Step0.Oscillator=HSE PLL
PA6.Signal=GPIO_Input
SH.FMC_D0_DA0.0=FMC_D0,sd-16b-d1
SH.FMC_D4_DA4.ConfNb=1
ProjectManager.ToolChainLocation=
RCC.LSI_VALUE=32000
SH.FMC_A9.0=FMC_A9,12b-sda1
PA15.Signal=SYS_JTDI
SH.FMC_D4_DA4.0=FMC_D4,sd-16b-d1
PCC.Checker=false
PF5.Signal=FMC_A5
PCC.Seq0.Step0.Duration=1 ms
PCC.Seq0.Step0.Peripherals=ADC1 CRC FMC GPIOA GPIOB GPIOC GPIOD GPIOE GPIOF GPIOG GPIOH RTC SDMMC1 SYS TIM6 TIM7 UART4 USART1 USART2 USB_OTG_FS WWDG
SPI2.Direction=SPI_DIRECTION_1LINE
PF0.Signal=FMC_A0
PE7.Signal=FMC_D4_DA4
PD6.Signal=USART2_RX
PB4.Signal=SYS_JTRST
PA3.Signal=ADCx_IN3
VP_WWDG_VS_WWDG.Signal=WWDG_VS_WWDG
SH.FMC_A3.ConfNb=1
VP_RTC_VS_RTC_Activate.Signal=RTC_VS_RTC_Activate
PC15-OSC32_OUT.Mode=LSE-External-Oscillator
RCC.I2SFreq_Value=192000000
SH.FMC_A9.ConfNb=1
PA7.Mode=Simplex_Bidirectional_Master
UART4.IPParameters=Mode
PA10.Mode=OTG/Dual_Role_Device
PCC.Seq0.Step0.Average_Current=93.36 mA
PCC.Vdd=3.3
ProjectManager.NoMain=false
SPI1.IPParameters=VirtualType,Mode,Direction,CalculateBaudRate
PG1.Signal=FMC_A11
PC11.Signal=SDMMC1_D3
SH.FMC_SDCLK.ConfNb=1
PC8.Signal=SDMMC1_D0
PC10.Mode=SD_4_bits_Wide_bus
VP_ADC1_Vbat_Input.Mode=IN-Vbat
ProjectManager.DefaultFWLocation=true
PC2.Mode=SdramChipSelect1_1
PD9.Signal=FMC_D14_DA14
PD5.Signal=USART2_TX
ProjectManager.DeletePrevious=true
RCC.FamilyName=M
USART1.VirtualMode-Asynchronous=VM_ASYNC
PA13.Signal=SYS_JTMS-SWDIO
PCC.Seq0.Step0.TaMax=100.99
PA9.Mode=Activate_VBUS
SH.FMC_A15_BA1.ConfNb=1
ProjectManager.TargetToolchain=EWARM V8.32
SH.FMC_D13_DA13.0=FMC_D13,sd-16b-d1
SH.FMC_D1_DA1.ConfNb=1
PCC.Seq0.Step0.Mode=RUN
SPI2.IPParameters=VirtualType,Mode,Direction,CalculateBaudRate
PF2.Signal=FMC_A2
RCC.USBFreq_Value=48000000
RCC.PLLSAIoutputFreq_Value=192000000
PE11.Signal=FMC_D8_DA8
PC15-OSC32_OUT.Signal=RCC_OSC32_OUT
PA1.Signal=UART4_RX
RCC.VCOI2SOutputFreq_Value=384000000
PD2.Mode=SD_4_bits_Wide_bus
RCC.PLLSAIPCLKFreq_Value=192000000
board=custom
PCC.Temperature=25
RCC.VCOOutputFreq_Value=192000000
PCC.Seq0.Step0.Frequency=4 MHz
MxCube.Version=5.6.1
SH.FMC_D13_DA13.ConfNb=1
SH.ADCx_IN2.ConfNb=1
VP_ADC1_Vref_Input.Signal=ADC1_Vref_Input
PH1-OSC_OUT.Signal=RCC_OSC_OUT
SH.FMC_D12_DA12.0=FMC_D12,sd-16b-d1
PF15.Signal=FMC_A9
PA4.GPIOParameters=GPIO_Label
PF1.Signal=FMC_A1
SH.FMC_D11_DA11.ConfNb=1
RCC.IPParameters=FamilyName,HSE_VALUE,HSI_VALUE,I2SFreq_Value,LSI_VALUE,PLLCLKFreq_Value,PLLI2SQCLKFreq_Value,PLLI2SRCLKFreq_Value,PLLI2SRoutputFreq_Value,PLLM,PLLN,PLLQ,PLLQCLKFreq_Value,PLLQoutputFreq_Value,PLLSAIPCLKFreq_Value,PLLSAIQCLKFreq_Value,PLLSAIoutputFreq_Value,RNGFreq_Value,RTCClockSelection,RTCFreq_Value,SAI1Freq_Value,SAI2Freq_Value,SDMMC2Freq_Value,SDMMCFreq_Value,SYSCLKSource,USBFreq_Value,VCOI2SOutputFreq_Value,VCOInputFreq_Value,VCOOutputFreq_Value,VCOSAIOutputFreq_Value
ProjectManager.AskForMigrate=true
Mcu.Name=STM32F722Z(C-E)Tx
PE12.Signal=FMC_D9_DA9
PA2.Signal=ADCx_IN2
Mcu.IP8=SPI1
Mcu.IP9=SPI2
PD14.Signal=FMC_D0_DA0
Mcu.IP6=RTC
Mcu.IP7=SDMMC1
ProjectManager.CoupleFile=false
PCC.Seq0.Step0.Memory=SRAM/FLASH-ART L1Cache REGON
PB3.Signal=SYS_JTDO-SWO
PA12.Mode=OTG/Dual_Role_Device
KeepUserPlacement=false
PB7.Mode=Asynchronous
PA14.Signal=SYS_JTCK-SWCLK
VP_WWDG_VS_WWDG.Mode=WWDG_Activate
RCC.HSI_VALUE=16000000
RCC.PLLQ=4
ADC1.NbrOfConversionFlag=1
RCC.PLLM=8
RCC.PLLN=96
PC9.Signal=SDMMC1_D1
PCC.Seq0.Step0.Vdd=3.3
SH.FMC_D8_DA8.ConfNb=1
VP_CRC_VS_CRC.Mode=CRC_Activate
ProjectManager.DeviceId=STM32F722ZETx
ProjectManager.LibraryCopy=0
PA7.Signal=SPI1_MOSI
PA6.Locked=true
